
Microsoft Visual Studio Solution File, Format Version 12.00
# Visual Studio Version 17
VisualStudioVersion = 17.1.32421.90
MinimumVisualStudioVersion = 10.0.40219.1
Project("{FAE04EC0-301F-11D3-BF4B-00C04F79EFBC}") = "Mpt3Converter", "Mpt3Converter\Mpt3Converter.csproj", "{9E4CFB33-EDC4-4409-BC30-FE1F26F3CB24}"
EndProject
Global
	GlobalSection(SolutionConfigurationPlatforms) = preSolution
		Debug|Any CPU = Debug|Any CPU
		Release|Any CPU = Release|Any CPU
	EndGlobalSection
	GlobalSection(ProjectConfigurationPlatforms) = postSolution
		{9E4CFB33-EDC4-4409-BC30-FE1F26F3CB24}.Debug|Any CPU.ActiveCfg = Debug|Any CPU
		{9E4CFB33-EDC4-4409-BC30-FE1F26F3CB24}.Debug|Any CPU.Build.0 = Debug|Any CPU
		{9E4CFB33-EDC4-4409-BC30-FE1F26F3CB24}.Release|Any CPU.ActiveCfg = Release|Any CPU
		{9E4CFB33-EDC4-4409-BC30-FE1F26F3CB24}.Release|Any CPU.Build.0 = Release|Any CPU
	EndGlobalSection
	GlobalSection(SolutionProperties) = preSolution
		HideSolutionNode = FALSE
	EndGlobalSection
	GlobalSection(ExtensibilityGlobals) = postSolution
		SolutionGuid = {665727E2-E76E-442B-A413-F973881376A3}
	EndGlobalSection
EndGlobal
